
Microsoft Visual Studio Solution File, Format Version 12.00
# Visual Studio Version 17
VisualStudioVersion = 17.0.32112.339
MinimumVisualStudioVersion = 10.0.40219.1
Project("{9A19103F-16F7-4668-BE54-9A1E7A4F7556}") = "Kampintro", "Kampintro\Kampintro.csproj", "{6AD667A3-88AD-4A13-9D79-029A54E0ED73}"
EndProject
Project("{9A19103F-16F7-4668-BE54-9A1E7A4F7556}") = "Donguler", "Donguler\Donguler.csproj", "{FD0E1E0C-D174-44B8-9DAB-6430721AA3B1}"
EndProject
Project("{9A19103F-16F7-4668-BE54-9A1E7A4F7556}") = "ClassIntro", "ClassIntro\ClassIntro.csproj", "{F8CF4C52-11A4-4F61-8041-B2904F6FDE5C}"
EndProject
Project("{9A19103F-16F7-4668-BE54-9A1E7A4F7556}") = "Metotlar", "Metotlar\Metotlar.csproj", "{7B44F41A-CCAD-4406-ABF6-F6FF72E2075E}"
EndProject
Project("{9A19103F-16F7-4668-BE54-9A1E7A4F7556}") = "Matematik", "Matematik\Matematik.csproj", "{BC93CDD4-4DC7-4447-872A-1BAD177843A3}"
EndProject
Project("{9A19103F-16F7-4668-BE54-9A1E7A4F7556}") = "DegerVeReferansTipler", "DegerVeReferansTipler\DegerVeReferansTipler.csproj", "{FB3E5C3A-317D-4398-A663-49EB48D79843}"
EndProject
Project("{FAE04EC0-301F-11D3-BF4B-00C04F79EFBC}") = "OOP1", "OOP1\OOP1.csproj", "{5382E10D-E6F7-4B76-B913-C22E8364A0FB}"
EndProject
Project("{FAE04EC0-301F-11D3-BF4B-00C04F79EFBC}") = "Koleksiyonlar", "Koleksiyonlar\Koleksiyonlar.csproj", "{E65AA21A-E6F9-4F0D-9872-025429CAAFEC}"
EndProject
Project("{FAE04EC0-301F-11D3-BF4B-00C04F79EFBC}") = "GenericsIntro", "GenericsIntro\GenericsIntro.csproj", "{67407A21-DBF2-4B20-9855-6AEB0149CD5E}"
EndProject
Global
	GlobalSection(SolutionConfigurationPlatforms) = preSolution
		Debug|Any CPU = Debug|Any CPU
		Release|Any CPU = Release|Any CPU
	EndGlobalSection
	GlobalSection(ProjectConfigurationPlatforms) = postSolution
		{6AD667A3-88AD-4A13-9D79-029A54E0ED73}.Debug|Any CPU.ActiveCfg = Debug|Any CPU
		{6AD667A3-88AD-4A13-9D79-029A54E0ED73}.Debug|Any CPU.Build.0 = Debug|Any CPU
		{6AD667A3-88AD-4A13-9D79-029A54E0ED73}.Release|Any CPU.ActiveCfg = Release|Any CPU
		{6AD667A3-88AD-4A13-9D79-029A54E0ED73}.Release|Any CPU.Build.0 = Release|Any CPU
		{FD0E1E0C-D174-44B8-9DAB-6430721AA3B1}.Debug|Any CPU.ActiveCfg = Debug|Any CPU
		{FD0E1E0C-D174-44B8-9DAB-6430721AA3B1}.Debug|Any CPU.Build.0 = Debug|Any CPU
		{FD0E1E0C-D174-44B8-9DAB-6430721AA3B1}.Release|Any CPU.ActiveCfg = Release|Any CPU
		{FD0E1E0C-D174-44B8-9DAB-6430721AA3B1}.Release|Any CPU.Build.0 = Release|Any CPU
		{F8CF4C52-11A4-4F61-8041-B2904F6FDE5C}.Debug|Any CPU.ActiveCfg = Debug|Any CPU
		{F8CF4C52-11A4-4F61-8041-B2904F6FDE5C}.Debug|Any CPU.Build.0 = Debug|Any CPU
		{F8CF4C52-11A4-4F61-8041-B2904F6FDE5C}.Release|Any CPU.ActiveCfg = Release|Any CPU
		{F8CF4C52-11A4-4F61-8041-B2904F6FDE5C}.Release|Any CPU.Build.0 = Release|Any CPU
		{7B44F41A-CCAD-4406-ABF6-F6FF72E2075E}.Debug|Any CPU.ActiveCfg = Debug|Any CPU
		{7B44F41A-CCAD-4406-ABF6-F6FF72E2075E}.Debug|Any CPU.Build.0 = Debug|Any CPU
		{7B44F41A-CCAD-4406-ABF6-F6FF72E2075E}.Release|Any CPU.ActiveCfg = Release|Any CPU
		{7B44F41A-CCAD-4406-ABF6-F6FF72E2075E}.Release|Any CPU.Build.0 = Release|Any CPU
		{BC93CDD4-4DC7-4447-872A-1BAD177843A3}.Debug|Any CPU.ActiveCfg = Debug|Any CPU
		{BC93CDD4-4DC7-4447-872A-1BAD177843A3}.Debug|Any CPU.Build.0 = Debug|Any CPU
		{BC93CDD4-4DC7-4447-872A-1BAD177843A3}.Release|Any CPU.ActiveCfg = Release|Any CPU
		{BC93CDD4-4DC7-4447-872A-1BAD177843A3}.Release|Any CPU.Build.0 = Release|Any CPU
		{FB3E5C3A-317D-4398-A663-49EB48D79843}.Debug|Any CPU.ActiveCfg = Debug|Any CPU
		{FB3E5C3A-317D-4398-A663-49EB48D79843}.Debug|Any CPU.Build.0 = Debug|Any CPU
		{FB3E5C3A-317D-4398-A663-49EB48D79843}.Release|Any CPU.ActiveCfg = Release|Any CPU
		{FB3E5C3A-317D-4398-A663-49EB48D79843}.Release|Any CPU.Build.0 = Release|Any CPU
		{5382E10D-E6F7-4B76-B913-C22E8364A0FB}.Debug|Any CPU.ActiveCfg = Debug|Any CPU
		{5382E10D-E6F7-4B76-B913-C22E8364A0FB}.Debug|Any CPU.Build.0 = Debug|Any CPU
		{5382E10D-E6F7-4B76-B913-C22E8364A0FB}.Release|Any CPU.ActiveCfg = Release|Any CPU
		{5382E10D-E6F7-4B76-B913-C22E8364A0FB}.Release|Any CPU.Build.0 = Release|Any CPU
		{E65AA21A-E6F9-4F0D-9872-025429CAAFEC}.Debug|Any CPU.ActiveCfg = Debug|Any CPU
		{E65AA21A-E6F9-4F0D-9872-025429CAAFEC}.Debug|Any CPU.Build.0 = Debug|Any CPU
		{E65AA21A-E6F9-4F0D-9872-025429CAAFEC}.Release|Any CPU.ActiveCfg = Release|Any CPU
		{E65AA21A-E6F9-4F0D-9872-025429CAAFEC}.Release|Any CPU.Build.0 = Release|Any CPU
		{67407A21-DBF2-4B20-9855-6AEB0149CD5E}.Debug|Any CPU.ActiveCfg = Debug|Any CPU
		{67407A21-DBF2-4B20-9855-6AEB0149CD5E}.Debug|Any CPU.Build.0 = Debug|Any CPU
		{67407A21-DBF2-4B20-9855-6AEB0149CD5E}.Release|Any CPU.ActiveCfg = Release|Any CPU
		{67407A21-DBF2-4B20-9855-6AEB0149CD5E}.Release|Any CPU.Build.0 = Release|Any CPU
	EndGlobalSection
	GlobalSection(SolutionProperties) = preSolution
		HideSolutionNode = FALSE
	EndGlobalSection
	GlobalSection(ExtensibilityGlobals) = postSolution
		SolutionGuid = {72769C0B-DC12-4229-A0A0-BEA52529FE40}
	EndGlobalSection
EndGlobal
